
Microsoft Visual Studio Solution File, Format Version 12.00
# Visual Studio Version 16
VisualStudioVersion = 16.0.30309.148
MinimumVisualStudioVersion = 10.0.40219.1
Project("{FAE04EC0-301F-11D3-BF4B-00C04F79EFBC}") = "Randori.Factorial", "Randori.Factorial\Randori.Factorial.csproj", "{1FBCD85F-50B4-419F-B1E1-7C5758989DCE}"
EndProject
Project("{FAE04EC0-301F-11D3-BF4B-00C04F79EFBC}") = "Randori.Factorial.Tests", "Randori.Factorial.Tests\Randori.Factorial.Tests.csproj", "{7B3526A4-5DA9-4CB2-A622-E29C2EE4A8CE}"
EndProject
Project("{FAE04EC0-301F-11D3-BF4B-00C04F79EFBC}") = "Randori.TurkishNumbers", "Randori.TurkishNumbers\Randori.TurkishNumbers.csproj", "{50440A96-D3A7-4EF1-818F-CFD69B9A9622}"
EndProject
Project("{FAE04EC0-301F-11D3-BF4B-00C04F79EFBC}") = "Randori.TurkishNumbers.Tests", "Randori.TurkishNumbers.Tests\Randori.TurkishNumbers.Tests.csproj", "{E2426973-DDBA-4CAF-B4BE-4BFE1EDD98D5}"
EndProject
Project("{FAE04EC0-301F-11D3-BF4B-00C04F79EFBC}") = "Randori.SimpleEquationReversal", "Randori.SimpleEquationReversal\Randori.SimpleEquationReversal.csproj", "{A0CF2126-048B-4458-98DD-EBEA0770DE07}"
EndProject
Project("{FAE04EC0-301F-11D3-BF4B-00C04F79EFBC}") = "Randori.SimpleEquationReversal.Tests", "Randori.SimpleEquationReversal.Tests\Randori.SimpleEquationReversal.Tests.csproj", "{35E44A13-1784-4652-93EE-F32E9B11E8A3}"
EndProject
Project("{FAE04EC0-301F-11D3-BF4B-00C04F79EFBC}") = "Randori.7_ThePonyExpress", "Randori.7_ThePonyExpress\Randori.7_ThePonyExpress.csproj", "{B5631AA3-D755-462C-977E-A40287488E7F}"
EndProject
Project("{FAE04EC0-301F-11D3-BF4B-00C04F79EFBC}") = "Randori.7_ThePonyExpress.Tests", "Randori.7_ThePonyExpress.Tests\Randori.7_ThePonyExpress.Tests.csproj", "{F423AEE4-FD8A-410C-9F9A-5E3EB622D616}"
EndProject
Global
	GlobalSection(SolutionConfigurationPlatforms) = preSolution
		Debug|Any CPU = Debug|Any CPU
		Release|Any CPU = Release|Any CPU
	EndGlobalSection
	GlobalSection(ProjectConfigurationPlatforms) = postSolution
		{1FBCD85F-50B4-419F-B1E1-7C5758989DCE}.Debug|Any CPU.ActiveCfg = Debug|Any CPU
		{1FBCD85F-50B4-419F-B1E1-7C5758989DCE}.Debug|Any CPU.Build.0 = Debug|Any CPU
		{1FBCD85F-50B4-419F-B1E1-7C5758989DCE}.Release|Any CPU.ActiveCfg = Release|Any CPU
		{1FBCD85F-50B4-419F-B1E1-7C5758989DCE}.Release|Any CPU.Build.0 = Release|Any CPU
		{7B3526A4-5DA9-4CB2-A622-E29C2EE4A8CE}.Debug|Any CPU.ActiveCfg = Debug|Any CPU
		{7B3526A4-5DA9-4CB2-A622-E29C2EE4A8CE}.Debug|Any CPU.Build.0 = Debug|Any CPU
		{7B3526A4-5DA9-4CB2-A622-E29C2EE4A8CE}.Release|Any CPU.ActiveCfg = Release|Any CPU
		{7B3526A4-5DA9-4CB2-A622-E29C2EE4A8CE}.Release|Any CPU.Build.0 = Release|Any CPU
		{50440A96-D3A7-4EF1-818F-CFD69B9A9622}.Debug|Any CPU.ActiveCfg = Debug|Any CPU
		{50440A96-D3A7-4EF1-818F-CFD69B9A9622}.Debug|Any CPU.Build.0 = Debug|Any CPU
		{50440A96-D3A7-4EF1-818F-CFD69B9A9622}.Release|Any CPU.ActiveCfg = Release|Any CPU
		{50440A96-D3A7-4EF1-818F-CFD69B9A9622}.Release|Any CPU.Build.0 = Release|Any CPU
		{E2426973-DDBA-4CAF-B4BE-4BFE1EDD98D5}.Debug|Any CPU.ActiveCfg = Debug|Any CPU
		{E2426973-DDBA-4CAF-B4BE-4BFE1EDD98D5}.Debug|Any CPU.Build.0 = Debug|Any CPU
		{E2426973-DDBA-4CAF-B4BE-4BFE1EDD98D5}.Release|Any CPU.ActiveCfg = Release|Any CPU
		{E2426973-DDBA-4CAF-B4BE-4BFE1EDD98D5}.Release|Any CPU.Build.0 = Release|Any CPU
		{A0CF2126-048B-4458-98DD-EBEA0770DE07}.Debug|Any CPU.ActiveCfg = Debug|Any CPU
		{A0CF2126-048B-4458-98DD-EBEA0770DE07}.Debug|Any CPU.Build.0 = Debug|Any CPU
		{A0CF2126-048B-4458-98DD-EBEA0770DE07}.Release|Any CPU.ActiveCfg = Release|Any CPU
		{A0CF2126-048B-4458-98DD-EBEA0770DE07}.Release|Any CPU.Build.0 = Release|Any CPU
		{35E44A13-1784-4652-93EE-F32E9B11E8A3}.Debug|Any CPU.ActiveCfg = Debug|Any CPU
		{35E44A13-1784-4652-93EE-F32E9B11E8A3}.Debug|Any CPU.Build.0 = Debug|Any CPU
		{35E44A13-1784-4652-93EE-F32E9B11E8A3}.Release|Any CPU.ActiveCfg = Release|Any CPU
		{35E44A13-1784-4652-93EE-F32E9B11E8A3}.Release|Any CPU.Build.0 = Release|Any CPU
		{B5631AA3-D755-462C-977E-A40287488E7F}.Debug|Any CPU.ActiveCfg = Debug|Any CPU
		{B5631AA3-D755-462C-977E-A40287488E7F}.Debug|Any CPU.Build.0 = Debug|Any CPU
		{B5631AA3-D755-462C-977E-A40287488E7F}.Release|Any CPU.ActiveCfg = Release|Any CPU
		{B5631AA3-D755-462C-977E-A40287488E7F}.Release|Any CPU.Build.0 = Release|Any CPU
		{F423AEE4-FD8A-410C-9F9A-5E3EB622D616}.Debug|Any CPU.ActiveCfg = Debug|Any CPU
		{F423AEE4-FD8A-410C-9F9A-5E3EB622D616}.Debug|Any CPU.Build.0 = Debug|Any CPU
		{F423AEE4-FD8A-410C-9F9A-5E3EB622D616}.Release|Any CPU.ActiveCfg = Release|Any CPU
		{F423AEE4-FD8A-410C-9F9A-5E3EB622D616}.Release|Any CPU.Build.0 = Release|Any CPU
	EndGlobalSection
	GlobalSection(SolutionProperties) = preSolution
		HideSolutionNode = FALSE
	EndGlobalSection
	GlobalSection(ExtensibilityGlobals) = postSolution
		SolutionGuid = {2E793ADB-5BBF-4292-96A1-6108840534AE}
	EndGlobalSection
EndGlobal
