
Microsoft Visual Studio Solution File, Format Version 12.00
# Visual Studio Version 16
VisualStudioVersion = 16.0.30309.148
MinimumVisualStudioVersion = 10.0.40219.1
Project("{FAE04EC0-301F-11D3-BF4B-00C04F79EFBC}") = "Randori.Factorial", "Randori.Factorial\Randori.Factorial.csproj", "{1FBCD85F-50B4-419F-B1E1-7C5758989DCE}"
EndProject
Project("{FAE04EC0-301F-11D3-BF4B-00C04F79EFBC}") = "Randori.Factorial.Tests", "Randori.Factorial.Tests\Randori.Factorial.Tests.csproj", "{7B3526A4-5DA9-4CB2-A622-E29C2EE4A8CE}"
EndProject
Project("{FAE04EC0-301F-11D3-BF4B-00C04F79EFBC}") = "Randori.TurkishNumbers", "Randori.TurkishNumbers\Randori.TurkishNumbers.csproj", "{50440A96-D3A7-4EF1-818F-CFD69B9A9622}"
EndProject
Project("{FAE04EC0-301F-11D3-BF4B-00C04F79EFBC}") = "Randori.TurkishNumbers.Tests", "Randori.TurkishNumbers.Tests\Randori.TurkishNumbers.Tests.csproj", "{E2426973-DDBA-4CAF-B4BE-4BFE1EDD98D5}"
EndProject
Project("{FAE04EC0-301F-11D3-BF4B-00C04F79EFBC}") = "Randori.SimpleEquationReversal", "Randori.SimpleEquationReversal\Randori.SimpleEquationReversal.csproj", "{A0CF2126-048B-4458-98DD-EBEA0770DE07}"
EndProject
Project("{FAE04EC0-301F-11D3-BF4B-00C04F79EFBC}") = "Randori.SimpleEquationReversal.Tests", "Randori.SimpleEquationReversal.Tests\Randori.SimpleEquationReversal.Tests.csproj", "{35E44A13-1784-4652-93EE-F32E9B11E8A3}"
EndProject
Project("{FAE04EC0-301F-11D3-BF4B-00C04F79EFBC}") = "Randori.7_ThePonyExpress", "Randori.7_ThePonyExpress\Randori.7_ThePonyExpress.csproj", "{B5631AA3-D755-462C-977E-A40287488E7F}"
EndProject
Project("{FAE04EC0-301F-11D3-BF4B-00C04F79EFBC}") = "Randori.7_ThePonyExpress.Tests", "Randori.7_ThePonyExpress.Tests\Randori.7_ThePonyExpress.Tests.csproj", "{F423AEE4-FD8A-410C-9F9A-5E3EB622D616}"
EndProject
Project("{FAE04EC0-301F-11D3-BF4B-00C04F79EFBC}") = "Randori.7_TwoOldestAges", "Randori.7_TwoOldestAges\Randori.7_TwoOldestAges.csproj", "{586964BF-A2F2-48D1-98E7-2461AE11B028}"
EndProject
Project("{FAE04EC0-301F-11D3-BF4B-00C04F79EFBC}") = "Randori.7_TwoOldestAges.Tests", "Randori.7_TwoOldestAges.Tests\Randori.7_TwoOldestAges.Tests.csproj", "{29ACDC0A-41F6-4B98-A78D-824588555995}"
EndProject
Project("{FAE04EC0-301F-11D3-BF4B-00C04F79EFBC}") = "Randori.7_CountTheDigit", "Randori.7_CountTheDigit\Randori.7_CountTheDigit.csproj", "{8166D6D4-7A0F-4A2D-80F4-095FAE956BCD}"
EndProject
Project("{FAE04EC0-301F-11D3-BF4B-00C04F79EFBC}") = "Randori.7_BalancedNumber1", "Randori.7_BalancedNumber1\Randori.7_BalancedNumber1.csproj", "{21005C7E-AA61-49CA-BDA7-4FF1DE304FFD}"
EndProject
Project("{FAE04EC0-301F-11D3-BF4B-00C04F79EFBC}") = "Randori.7_BalancedNumber1.Tests", "Randori.7_BalancedNumber1.Tests\Randori.7_BalancedNumber1.Tests.csproj", "{19888F45-42FE-48D1-A331-F4FC96BB155F}"
EndProject
Project("{FAE04EC0-301F-11D3-BF4B-00C04F79EFBC}") = "Randori._7_ StrongNumber2", "Randori._7_ StrongNumber2\Randori._7_ StrongNumber2.csproj", "{F0FBFE14-2FE7-406E-A2B7-4B2CA123495C}"
EndProject
Project("{2150E333-8FDC-42A3-9474-1A3956D46DE8}") = "SpecialNumbersSeries", "SpecialNumbersSeries", "{D5550642-77D4-4774-A329-8A4F7FD24F2A}"
EndProject
Project("{FAE04EC0-301F-11D3-BF4B-00C04F79EFBC}") = "Randori._7__StrongNumber2.Tests", "Randori._7__StrongNumber2.Tests\Randori._7__StrongNumber2.Tests.csproj", "{D4D29FD8-BFD4-45AB-8104-2AA9409EE13A}"
EndProject
Project("{FAE04EC0-301F-11D3-BF4B-00C04F79EFBC}") = "Randori.7_DisariumNumber_3", "Randori.7_DisariumNumber_3\Randori.7_DisariumNumber_3.csproj", "{36D6ED12-7FAE-4E7E-ABDB-40CCD9A69AA0}"
EndProject
Project("{FAE04EC0-301F-11D3-BF4B-00C04F79EFBC}") = "Randori.7_MusicalTransposerChromatic", "Randori.7_MusicalTransposerChromatic\Randori.7_MusicalTransposerChromatic.csproj", "{2279063A-C773-47A9-B830-6657582814B9}"
EndProject
Project("{FAE04EC0-301F-11D3-BF4B-00C04F79EFBC}") = "Randori._7_MusicalTransposerChromatic.Tests", "Randori._7_MusicalTransposerChromatic.Tests\Randori._7_MusicalTransposerChromatic.Tests.csproj", "{C39FDC6E-C5E2-469C-8F55-FD97D306CB20}"
EndProject
Global
	GlobalSection(SolutionConfigurationPlatforms) = preSolution
		Debug|Any CPU = Debug|Any CPU
		Release|Any CPU = Release|Any CPU
	EndGlobalSection
	GlobalSection(ProjectConfigurationPlatforms) = postSolution
		{1FBCD85F-50B4-419F-B1E1-7C5758989DCE}.Debug|Any CPU.ActiveCfg = Debug|Any CPU
		{1FBCD85F-50B4-419F-B1E1-7C5758989DCE}.Debug|Any CPU.Build.0 = Debug|Any CPU
		{1FBCD85F-50B4-419F-B1E1-7C5758989DCE}.Release|Any CPU.ActiveCfg = Release|Any CPU
		{1FBCD85F-50B4-419F-B1E1-7C5758989DCE}.Release|Any CPU.Build.0 = Release|Any CPU
		{7B3526A4-5DA9-4CB2-A622-E29C2EE4A8CE}.Debug|Any CPU.ActiveCfg = Debug|Any CPU
		{7B3526A4-5DA9-4CB2-A622-E29C2EE4A8CE}.Debug|Any CPU.Build.0 = Debug|Any CPU
		{7B3526A4-5DA9-4CB2-A622-E29C2EE4A8CE}.Release|Any CPU.ActiveCfg = Release|Any CPU
		{7B3526A4-5DA9-4CB2-A622-E29C2EE4A8CE}.Release|Any CPU.Build.0 = Release|Any CPU
		{50440A96-D3A7-4EF1-818F-CFD69B9A9622}.Debug|Any CPU.ActiveCfg = Debug|Any CPU
		{50440A96-D3A7-4EF1-818F-CFD69B9A9622}.Debug|Any CPU.Build.0 = Debug|Any CPU
		{50440A96-D3A7-4EF1-818F-CFD69B9A9622}.Release|Any CPU.ActiveCfg = Release|Any CPU
		{50440A96-D3A7-4EF1-818F-CFD69B9A9622}.Release|Any CPU.Build.0 = Release|Any CPU
		{E2426973-DDBA-4CAF-B4BE-4BFE1EDD98D5}.Debug|Any CPU.ActiveCfg = Debug|Any CPU
		{E2426973-DDBA-4CAF-B4BE-4BFE1EDD98D5}.Debug|Any CPU.Build.0 = Debug|Any CPU
		{E2426973-DDBA-4CAF-B4BE-4BFE1EDD98D5}.Release|Any CPU.ActiveCfg = Release|Any CPU
		{E2426973-DDBA-4CAF-B4BE-4BFE1EDD98D5}.Release|Any CPU.Build.0 = Release|Any CPU
		{A0CF2126-048B-4458-98DD-EBEA0770DE07}.Debug|Any CPU.ActiveCfg = Debug|Any CPU
		{A0CF2126-048B-4458-98DD-EBEA0770DE07}.Debug|Any CPU.Build.0 = Debug|Any CPU
		{A0CF2126-048B-4458-98DD-EBEA0770DE07}.Release|Any CPU.ActiveCfg = Release|Any CPU
		{A0CF2126-048B-4458-98DD-EBEA0770DE07}.Release|Any CPU.Build.0 = Release|Any CPU
		{35E44A13-1784-4652-93EE-F32E9B11E8A3}.Debug|Any CPU.ActiveCfg = Debug|Any CPU
		{35E44A13-1784-4652-93EE-F32E9B11E8A3}.Debug|Any CPU.Build.0 = Debug|Any CPU
		{35E44A13-1784-4652-93EE-F32E9B11E8A3}.Release|Any CPU.ActiveCfg = Release|Any CPU
		{35E44A13-1784-4652-93EE-F32E9B11E8A3}.Release|Any CPU.Build.0 = Release|Any CPU
		{B5631AA3-D755-462C-977E-A40287488E7F}.Debug|Any CPU.ActiveCfg = Debug|Any CPU
		{B5631AA3-D755-462C-977E-A40287488E7F}.Debug|Any CPU.Build.0 = Debug|Any CPU
		{B5631AA3-D755-462C-977E-A40287488E7F}.Release|Any CPU.ActiveCfg = Release|Any CPU
		{B5631AA3-D755-462C-977E-A40287488E7F}.Release|Any CPU.Build.0 = Release|Any CPU
		{F423AEE4-FD8A-410C-9F9A-5E3EB622D616}.Debug|Any CPU.ActiveCfg = Debug|Any CPU
		{F423AEE4-FD8A-410C-9F9A-5E3EB622D616}.Debug|Any CPU.Build.0 = Debug|Any CPU
		{F423AEE4-FD8A-410C-9F9A-5E3EB622D616}.Release|Any CPU.ActiveCfg = Release|Any CPU
		{F423AEE4-FD8A-410C-9F9A-5E3EB622D616}.Release|Any CPU.Build.0 = Release|Any CPU
		{586964BF-A2F2-48D1-98E7-2461AE11B028}.Debug|Any CPU.ActiveCfg = Debug|Any CPU
		{586964BF-A2F2-48D1-98E7-2461AE11B028}.Debug|Any CPU.Build.0 = Debug|Any CPU
		{586964BF-A2F2-48D1-98E7-2461AE11B028}.Release|Any CPU.ActiveCfg = Release|Any CPU
		{586964BF-A2F2-48D1-98E7-2461AE11B028}.Release|Any CPU.Build.0 = Release|Any CPU
		{29ACDC0A-41F6-4B98-A78D-824588555995}.Debug|Any CPU.ActiveCfg = Debug|Any CPU
		{29ACDC0A-41F6-4B98-A78D-824588555995}.Debug|Any CPU.Build.0 = Debug|Any CPU
		{29ACDC0A-41F6-4B98-A78D-824588555995}.Release|Any CPU.ActiveCfg = Release|Any CPU
		{29ACDC0A-41F6-4B98-A78D-824588555995}.Release|Any CPU.Build.0 = Release|Any CPU
		{8166D6D4-7A0F-4A2D-80F4-095FAE956BCD}.Debug|Any CPU.ActiveCfg = Debug|Any CPU
		{8166D6D4-7A0F-4A2D-80F4-095FAE956BCD}.Debug|Any CPU.Build.0 = Debug|Any CPU
		{8166D6D4-7A0F-4A2D-80F4-095FAE956BCD}.Release|Any CPU.ActiveCfg = Release|Any CPU
		{8166D6D4-7A0F-4A2D-80F4-095FAE956BCD}.Release|Any CPU.Build.0 = Release|Any CPU
		{21005C7E-AA61-49CA-BDA7-4FF1DE304FFD}.Debug|Any CPU.ActiveCfg = Debug|Any CPU
		{21005C7E-AA61-49CA-BDA7-4FF1DE304FFD}.Debug|Any CPU.Build.0 = Debug|Any CPU
		{21005C7E-AA61-49CA-BDA7-4FF1DE304FFD}.Release|Any CPU.ActiveCfg = Release|Any CPU
		{21005C7E-AA61-49CA-BDA7-4FF1DE304FFD}.Release|Any CPU.Build.0 = Release|Any CPU
		{19888F45-42FE-48D1-A331-F4FC96BB155F}.Debug|Any CPU.ActiveCfg = Debug|Any CPU
		{19888F45-42FE-48D1-A331-F4FC96BB155F}.Debug|Any CPU.Build.0 = Debug|Any CPU
		{19888F45-42FE-48D1-A331-F4FC96BB155F}.Release|Any CPU.ActiveCfg = Release|Any CPU
		{19888F45-42FE-48D1-A331-F4FC96BB155F}.Release|Any CPU.Build.0 = Release|Any CPU
		{F0FBFE14-2FE7-406E-A2B7-4B2CA123495C}.Debug|Any CPU.ActiveCfg = Debug|Any CPU
		{F0FBFE14-2FE7-406E-A2B7-4B2CA123495C}.Debug|Any CPU.Build.0 = Debug|Any CPU
		{F0FBFE14-2FE7-406E-A2B7-4B2CA123495C}.Release|Any CPU.ActiveCfg = Release|Any CPU
		{F0FBFE14-2FE7-406E-A2B7-4B2CA123495C}.Release|Any CPU.Build.0 = Release|Any CPU
		{D4D29FD8-BFD4-45AB-8104-2AA9409EE13A}.Debug|Any CPU.ActiveCfg = Debug|Any CPU
		{D4D29FD8-BFD4-45AB-8104-2AA9409EE13A}.Debug|Any CPU.Build.0 = Debug|Any CPU
		{D4D29FD8-BFD4-45AB-8104-2AA9409EE13A}.Release|Any CPU.ActiveCfg = Release|Any CPU
		{D4D29FD8-BFD4-45AB-8104-2AA9409EE13A}.Release|Any CPU.Build.0 = Release|Any CPU
		{36D6ED12-7FAE-4E7E-ABDB-40CCD9A69AA0}.Debug|Any CPU.ActiveCfg = Debug|Any CPU
		{36D6ED12-7FAE-4E7E-ABDB-40CCD9A69AA0}.Debug|Any CPU.Build.0 = Debug|Any CPU
		{36D6ED12-7FAE-4E7E-ABDB-40CCD9A69AA0}.Release|Any CPU.ActiveCfg = Release|Any CPU
		{36D6ED12-7FAE-4E7E-ABDB-40CCD9A69AA0}.Release|Any CPU.Build.0 = Release|Any CPU
		{2279063A-C773-47A9-B830-6657582814B9}.Debug|Any CPU.ActiveCfg = Debug|Any CPU
		{2279063A-C773-47A9-B830-6657582814B9}.Debug|Any CPU.Build.0 = Debug|Any CPU
		{2279063A-C773-47A9-B830-6657582814B9}.Release|Any CPU.ActiveCfg = Release|Any CPU
		{2279063A-C773-47A9-B830-6657582814B9}.Release|Any CPU.Build.0 = Release|Any CPU
		{C39FDC6E-C5E2-469C-8F55-FD97D306CB20}.Debug|Any CPU.ActiveCfg = Debug|Any CPU
		{C39FDC6E-C5E2-469C-8F55-FD97D306CB20}.Debug|Any CPU.Build.0 = Debug|Any CPU
		{C39FDC6E-C5E2-469C-8F55-FD97D306CB20}.Release|Any CPU.ActiveCfg = Release|Any CPU
		{C39FDC6E-C5E2-469C-8F55-FD97D306CB20}.Release|Any CPU.Build.0 = Release|Any CPU
	EndGlobalSection
	GlobalSection(SolutionProperties) = preSolution
		HideSolutionNode = FALSE
	EndGlobalSection
	GlobalSection(NestedProjects) = preSolution
		{21005C7E-AA61-49CA-BDA7-4FF1DE304FFD} = {D5550642-77D4-4774-A329-8A4F7FD24F2A}
		{19888F45-42FE-48D1-A331-F4FC96BB155F} = {D5550642-77D4-4774-A329-8A4F7FD24F2A}
		{F0FBFE14-2FE7-406E-A2B7-4B2CA123495C} = {D5550642-77D4-4774-A329-8A4F7FD24F2A}
		{D4D29FD8-BFD4-45AB-8104-2AA9409EE13A} = {D5550642-77D4-4774-A329-8A4F7FD24F2A}
		{36D6ED12-7FAE-4E7E-ABDB-40CCD9A69AA0} = {D5550642-77D4-4774-A329-8A4F7FD24F2A}
	EndGlobalSection
	GlobalSection(ExtensibilityGlobals) = postSolution
		SolutionGuid = {2E793ADB-5BBF-4292-96A1-6108840534AE}
	EndGlobalSection
EndGlobal
