
Microsoft Visual Studio Solution File, Format Version 12.00
# Visual Studio Version 16
VisualStudioVersion = 16.0.30309.148
MinimumVisualStudioVersion = 10.0.40219.1
Project("{FAE04EC0-301F-11D3-BF4B-00C04F79EFBC}") = "Randori.Factorial", "Randori.Factorial\Randori.Factorial.csproj", "{1FBCD85F-50B4-419F-B1E1-7C5758989DCE}"
EndProject
Global
	GlobalSection(SolutionConfigurationPlatforms) = preSolution
		Debug|Any CPU = Debug|Any CPU
		Release|Any CPU = Release|Any CPU
	EndGlobalSection
	GlobalSection(ProjectConfigurationPlatforms) = postSolution
		{1FBCD85F-50B4-419F-B1E1-7C5758989DCE}.Debug|Any CPU.ActiveCfg = Debug|Any CPU
		{1FBCD85F-50B4-419F-B1E1-7C5758989DCE}.Debug|Any CPU.Build.0 = Debug|Any CPU
		{1FBCD85F-50B4-419F-B1E1-7C5758989DCE}.Release|Any CPU.ActiveCfg = Release|Any CPU
		{1FBCD85F-50B4-419F-B1E1-7C5758989DCE}.Release|Any CPU.Build.0 = Release|Any CPU
	EndGlobalSection
	GlobalSection(SolutionProperties) = preSolution
		HideSolutionNode = FALSE
	EndGlobalSection
	GlobalSection(ExtensibilityGlobals) = postSolution
		SolutionGuid = {2E793ADB-5BBF-4292-96A1-6108840534AE}
	EndGlobalSection
EndGlobal
